
Microsoft Visual Studio Solution File, Format Version 12.00
# Visual Studio Version 16
VisualStudioVersion = 16.0.30804.86
MinimumVisualStudioVersion = 10.0.40219.1
Project("{FAE04EC0-301F-11D3-BF4B-00C04F79EFBC}") = "ConsoleApp1", "ConsoleApp1\ConsoleApp1.csproj", "{37A19474-7308-4870-95E2-315471916A36}"
EndProject
Global
	GlobalSection(SolutionConfigurationPlatforms) = preSolution
		Debug|Any CPU = Debug|Any CPU
		Release|Any CPU = Release|Any CPU
	EndGlobalSection
	GlobalSection(ProjectConfigurationPlatforms) = postSolution
		{37A19474-7308-4870-95E2-315471916A36}.Debug|Any CPU.ActiveCfg = Debug|Any CPU
		{37A19474-7308-4870-95E2-315471916A36}.Debug|Any CPU.Build.0 = Debug|Any CPU
		{37A19474-7308-4870-95E2-315471916A36}.Release|Any CPU.ActiveCfg = Release|Any CPU
		{37A19474-7308-4870-95E2-315471916A36}.Release|Any CPU.Build.0 = Release|Any CPU
	EndGlobalSection
	GlobalSection(SolutionProperties) = preSolution
		HideSolutionNode = FALSE
	EndGlobalSection
	GlobalSection(ExtensibilityGlobals) = postSolution
		SolutionGuid = {9A9E5358-1E56-4632-9146-E0D97CAC2710}
	EndGlobalSection
EndGlobal
